
Microsoft Visual Studio Solution File, Format Version 12.00
# Visual Studio 2013
VisualStudioVersion = 12.0.21005.1
MinimumVisualStudioVersion = 10.0.40219.1
Project("{FAE04EC0-301F-11D3-BF4B-00C04F79EFBC}") = "Core", "Core\Core.csproj", "{1E76E3BE-F575-4E2D-A791-8A0EDA53C1B2}"
EndProject
Project("{FAE04EC0-301F-11D3-BF4B-00C04F79EFBC}") = "Rendering.Mvc", "Rendering.Mvc\Rendering.Mvc.csproj", "{87226084-B9C0-4BAD-951F-2EEA9302C36F}"
EndProject
Project("{FAE04EC0-301F-11D3-BF4B-00C04F79EFBC}") = "Sorting", "Sorting\Sorting.csproj", "{BADD3914-847F-4868-8CC2-FA913BCD3779}"
EndProject
Project("{FAE04EC0-301F-11D3-BF4B-00C04F79EFBC}") = "ChangeHistory", "ChangeHistory\ChangeHistory.csproj", "{C9AAE6EE-0003-481E-96E9-8CB0484D704D}"
EndProject
Project("{FAE04EC0-301F-11D3-BF4B-00C04F79EFBC}") = "Email", "Email\Email.csproj", "{BCABD981-DB99-433C-B8D1-9DCB31AE35FF}"
EndProject
Project("{FAE04EC0-301F-11D3-BF4B-00C04F79EFBC}") = "Favorites", "Favorites\Favorites.csproj", "{1878928C-0AC2-40EB-8C8B-C69CD25F6A61}"
EndProject
Project("{FAE04EC0-301F-11D3-BF4B-00C04F79EFBC}") = "DownloadFoldersAsZip", "DownloadFoldersAsZip\DownloadFoldersAsZip.csproj", "{4BA9FA0F-4E1A-43D9-A383-CB54FF035A55}"
EndProject
Project("{FAE04EC0-301F-11D3-BF4B-00C04F79EFBC}") = "DataProviders.FacebookMediaProvider", "DataProviders.FacebookMediaProvider\DataProviders.FacebookMediaProvider.csproj", "{AE52B2E9-C7F1-4BB0-A0E3-D6B3D02E004A}"
EndProject
Project("{FAE04EC0-301F-11D3-BF4B-00C04F79EFBC}") = "Teasers", "Teasers\Teasers.csproj", "{CF410AB8-8ED7-4AE5-B6F9-C51B42089855}"
EndProject
Project("{FAE04EC0-301F-11D3-BF4B-00C04F79EFBC}") = "Security", "Security\Security.csproj", "{25C37326-D175-49AE-9060-3ACE46EC4261}"
EndProject
Project("{FAE04EC0-301F-11D3-BF4B-00C04F79EFBC}") = "ECommerce", "ECommerce\ECommerce.csproj", "{7148E1A8-C72C-485C-B803-81715C9AAAFB}"
EndProject
Global
	GlobalSection(SolutionConfigurationPlatforms) = preSolution
		Debug|Any CPU = Debug|Any CPU
		Release|Any CPU = Release|Any CPU
	EndGlobalSection
	GlobalSection(ProjectConfigurationPlatforms) = postSolution
		{1E76E3BE-F575-4E2D-A791-8A0EDA53C1B2}.Debug|Any CPU.ActiveCfg = Debug|Any CPU
		{1E76E3BE-F575-4E2D-A791-8A0EDA53C1B2}.Debug|Any CPU.Build.0 = Debug|Any CPU
		{1E76E3BE-F575-4E2D-A791-8A0EDA53C1B2}.Release|Any CPU.ActiveCfg = Release|Any CPU
		{1E76E3BE-F575-4E2D-A791-8A0EDA53C1B2}.Release|Any CPU.Build.0 = Release|Any CPU
		{87226084-B9C0-4BAD-951F-2EEA9302C36F}.Debug|Any CPU.ActiveCfg = Debug|Any CPU
		{87226084-B9C0-4BAD-951F-2EEA9302C36F}.Debug|Any CPU.Build.0 = Debug|Any CPU
		{87226084-B9C0-4BAD-951F-2EEA9302C36F}.Release|Any CPU.ActiveCfg = Release|Any CPU
		{87226084-B9C0-4BAD-951F-2EEA9302C36F}.Release|Any CPU.Build.0 = Release|Any CPU
		{BADD3914-847F-4868-8CC2-FA913BCD3779}.Debug|Any CPU.ActiveCfg = Debug|Any CPU
		{BADD3914-847F-4868-8CC2-FA913BCD3779}.Debug|Any CPU.Build.0 = Debug|Any CPU
		{BADD3914-847F-4868-8CC2-FA913BCD3779}.Release|Any CPU.ActiveCfg = Release|Any CPU
		{BADD3914-847F-4868-8CC2-FA913BCD3779}.Release|Any CPU.Build.0 = Release|Any CPU
		{C9AAE6EE-0003-481E-96E9-8CB0484D704D}.Debug|Any CPU.ActiveCfg = Debug|Any CPU
		{C9AAE6EE-0003-481E-96E9-8CB0484D704D}.Debug|Any CPU.Build.0 = Debug|Any CPU
		{C9AAE6EE-0003-481E-96E9-8CB0484D704D}.Release|Any CPU.ActiveCfg = Release|Any CPU
		{C9AAE6EE-0003-481E-96E9-8CB0484D704D}.Release|Any CPU.Build.0 = Release|Any CPU
		{BCABD981-DB99-433C-B8D1-9DCB31AE35FF}.Debug|Any CPU.ActiveCfg = Debug|Any CPU
		{BCABD981-DB99-433C-B8D1-9DCB31AE35FF}.Debug|Any CPU.Build.0 = Debug|Any CPU
		{BCABD981-DB99-433C-B8D1-9DCB31AE35FF}.Release|Any CPU.ActiveCfg = Release|Any CPU
		{BCABD981-DB99-433C-B8D1-9DCB31AE35FF}.Release|Any CPU.Build.0 = Release|Any CPU
		{1878928C-0AC2-40EB-8C8B-C69CD25F6A61}.Debug|Any CPU.ActiveCfg = Debug|Any CPU
		{1878928C-0AC2-40EB-8C8B-C69CD25F6A61}.Debug|Any CPU.Build.0 = Debug|Any CPU
		{1878928C-0AC2-40EB-8C8B-C69CD25F6A61}.Release|Any CPU.ActiveCfg = Release|Any CPU
		{1878928C-0AC2-40EB-8C8B-C69CD25F6A61}.Release|Any CPU.Build.0 = Release|Any CPU
		{4BA9FA0F-4E1A-43D9-A383-CB54FF035A55}.Debug|Any CPU.ActiveCfg = Debug|Any CPU
		{4BA9FA0F-4E1A-43D9-A383-CB54FF035A55}.Debug|Any CPU.Build.0 = Debug|Any CPU
		{4BA9FA0F-4E1A-43D9-A383-CB54FF035A55}.Release|Any CPU.ActiveCfg = Release|Any CPU
		{4BA9FA0F-4E1A-43D9-A383-CB54FF035A55}.Release|Any CPU.Build.0 = Release|Any CPU
		{AE52B2E9-C7F1-4BB0-A0E3-D6B3D02E004A}.Debug|Any CPU.ActiveCfg = Debug|Any CPU
		{AE52B2E9-C7F1-4BB0-A0E3-D6B3D02E004A}.Debug|Any CPU.Build.0 = Debug|Any CPU
		{AE52B2E9-C7F1-4BB0-A0E3-D6B3D02E004A}.Release|Any CPU.ActiveCfg = Release|Any CPU
		{AE52B2E9-C7F1-4BB0-A0E3-D6B3D02E004A}.Release|Any CPU.Build.0 = Release|Any CPU
		{CF410AB8-8ED7-4AE5-B6F9-C51B42089855}.Debug|Any CPU.ActiveCfg = Debug|Any CPU
		{CF410AB8-8ED7-4AE5-B6F9-C51B42089855}.Debug|Any CPU.Build.0 = Debug|Any CPU
		{CF410AB8-8ED7-4AE5-B6F9-C51B42089855}.Release|Any CPU.ActiveCfg = Release|Any CPU
		{CF410AB8-8ED7-4AE5-B6F9-C51B42089855}.Release|Any CPU.Build.0 = Release|Any CPU
		{25C37326-D175-49AE-9060-3ACE46EC4261}.Debug|Any CPU.ActiveCfg = Debug|Any CPU
		{25C37326-D175-49AE-9060-3ACE46EC4261}.Debug|Any CPU.Build.0 = Debug|Any CPU
		{25C37326-D175-49AE-9060-3ACE46EC4261}.Release|Any CPU.ActiveCfg = Release|Any CPU
		{25C37326-D175-49AE-9060-3ACE46EC4261}.Release|Any CPU.Build.0 = Release|Any CPU
		{7148E1A8-C72C-485C-B803-81715C9AAAFB}.Debug|Any CPU.ActiveCfg = Debug|Any CPU
		{7148E1A8-C72C-485C-B803-81715C9AAAFB}.Debug|Any CPU.Build.0 = Debug|Any CPU
		{7148E1A8-C72C-485C-B803-81715C9AAAFB}.Release|Any CPU.ActiveCfg = Release|Any CPU
		{7148E1A8-C72C-485C-B803-81715C9AAAFB}.Release|Any CPU.Build.0 = Release|Any CPU
	EndGlobalSection
	GlobalSection(SolutionProperties) = preSolution
		HideSolutionNode = FALSE
	EndGlobalSection
EndGlobal
